
Microsoft Visual Studio Solution File, Format Version 12.00
# Visual Studio Version 17
VisualStudioVersion = 17.6.33801.468
MinimumVisualStudioVersion = 10.0.40219.1
Project("{9A19103F-16F7-4668-BE54-9A1E7A4F7556}") = "Migrator", "Migrator\Migrator.csproj", "{7298227F-3A53-4C18-86D1-97AA94C3E90A}"
EndProject
Project("{9A19103F-16F7-4668-BE54-9A1E7A4F7556}") = "MigratorCore", "MigratorCore\MigratorCore.csproj", "{577652E9-EADE-4850-B215-9F5E94932DD0}"
EndProject
Project("{FAE04EC0-301F-11D3-BF4B-00C04F79EFBC}") = "MigratorNew", "MigratorNew\MigratorNew.csproj", "{3489A806-4B9F-4B45-83C0-6DE61E39204F}"
EndProject
Global
	GlobalSection(SolutionConfigurationPlatforms) = preSolution
		Debug|Any CPU = Debug|Any CPU
		Release|Any CPU = Release|Any CPU
	EndGlobalSection
	GlobalSection(ProjectConfigurationPlatforms) = postSolution
		{7298227F-3A53-4C18-86D1-97AA94C3E90A}.Debug|Any CPU.ActiveCfg = Debug|Any CPU
		{7298227F-3A53-4C18-86D1-97AA94C3E90A}.Debug|Any CPU.Build.0 = Debug|Any CPU
		{7298227F-3A53-4C18-86D1-97AA94C3E90A}.Release|Any CPU.ActiveCfg = Release|Any CPU
		{7298227F-3A53-4C18-86D1-97AA94C3E90A}.Release|Any CPU.Build.0 = Release|Any CPU
		{577652E9-EADE-4850-B215-9F5E94932DD0}.Debug|Any CPU.ActiveCfg = Debug|Any CPU
		{577652E9-EADE-4850-B215-9F5E94932DD0}.Debug|Any CPU.Build.0 = Debug|Any CPU
		{577652E9-EADE-4850-B215-9F5E94932DD0}.Release|Any CPU.ActiveCfg = Release|Any CPU
		{577652E9-EADE-4850-B215-9F5E94932DD0}.Release|Any CPU.Build.0 = Release|Any CPU
		{3489A806-4B9F-4B45-83C0-6DE61E39204F}.Debug|Any CPU.ActiveCfg = Debug|Any CPU
		{3489A806-4B9F-4B45-83C0-6DE61E39204F}.Debug|Any CPU.Build.0 = Debug|Any CPU
		{3489A806-4B9F-4B45-83C0-6DE61E39204F}.Release|Any CPU.ActiveCfg = Release|Any CPU
		{3489A806-4B9F-4B45-83C0-6DE61E39204F}.Release|Any CPU.Build.0 = Release|Any CPU
	EndGlobalSection
	GlobalSection(SolutionProperties) = preSolution
		HideSolutionNode = FALSE
	EndGlobalSection
	GlobalSection(ExtensibilityGlobals) = postSolution
		SolutionGuid = {CBDD674B-A9EC-47B9-A6E0-C144357AB33D}
	EndGlobalSection
EndGlobal
